
Microsoft Visual Studio Solution File, Format Version 12.00
# Visual Studio Version 16
VisualStudioVersion = 16.0.31112.23
MinimumVisualStudioVersion = 10.0.40219.1
Project("{FAE04EC0-301F-11D3-BF4B-00C04F79EFBC}") = "E2E Auth", "E2E Auth.csproj", "{310D7B3D-ADB1-4EB3-AD7F-ADA5CC49BC1A}"
EndProject
Global
	GlobalSection(SolutionConfigurationPlatforms) = preSolution
		Debug|Any CPU = Debug|Any CPU
		Release|Any CPU = Release|Any CPU
	EndGlobalSection
	GlobalSection(ProjectConfigurationPlatforms) = postSolution
		{310D7B3D-ADB1-4EB3-AD7F-ADA5CC49BC1A}.Debug|Any CPU.ActiveCfg = Debug|Any CPU
		{310D7B3D-ADB1-4EB3-AD7F-ADA5CC49BC1A}.Debug|Any CPU.Build.0 = Debug|Any CPU
		{310D7B3D-ADB1-4EB3-AD7F-ADA5CC49BC1A}.Release|Any CPU.ActiveCfg = Release|Any CPU
		{310D7B3D-ADB1-4EB3-AD7F-ADA5CC49BC1A}.Release|Any CPU.Build.0 = Release|Any CPU
	EndGlobalSection
	GlobalSection(SolutionProperties) = preSolution
		HideSolutionNode = FALSE
	EndGlobalSection
	GlobalSection(ExtensibilityGlobals) = postSolution
		SolutionGuid = {40BD3488-FF7B-46EF-8837-FB9F1445FBB0}
	EndGlobalSection
EndGlobal
